
Microsoft Visual Studio Solution File, Format Version 12.00
# Visual Studio Version 17
VisualStudioVersion = 17.3.32804.467
MinimumVisualStudioVersion = 10.0.40219.1
Project("{9A19103F-16F7-4668-BE54-9A1E7A4F7556}") = "LayoutEditor", "LayoutEditor\LayoutEditor.csproj", "{4023D6C2-3D0B-42BA-86D3-47EB10B4C585}"
EndProject
Project("{9A19103F-16F7-4668-BE54-9A1E7A4F7556}") = "LayoutEditor.Desktop", "LayoutEditor.Desktop\LayoutEditor.Desktop.csproj", "{866C9DA1-1612-4340-9637-4CCF2D24862D}"
EndProject
Global
	GlobalSection(SolutionConfigurationPlatforms) = preSolution
		Debug|Any CPU = Debug|Any CPU
		Release|Any CPU = Release|Any CPU
	EndGlobalSection
	GlobalSection(ProjectConfigurationPlatforms) = postSolution
		{4023D6C2-3D0B-42BA-86D3-47EB10B4C585}.Debug|Any CPU.ActiveCfg = Debug|Any CPU
		{4023D6C2-3D0B-42BA-86D3-47EB10B4C585}.Debug|Any CPU.Build.0 = Debug|Any CPU
		{4023D6C2-3D0B-42BA-86D3-47EB10B4C585}.Release|Any CPU.ActiveCfg = Release|Any CPU
		{4023D6C2-3D0B-42BA-86D3-47EB10B4C585}.Release|Any CPU.Build.0 = Release|Any CPU
		{866C9DA1-1612-4340-9637-4CCF2D24862D}.Debug|Any CPU.ActiveCfg = Debug|Any CPU
		{866C9DA1-1612-4340-9637-4CCF2D24862D}.Debug|Any CPU.Build.0 = Debug|Any CPU
		{866C9DA1-1612-4340-9637-4CCF2D24862D}.Release|Any CPU.ActiveCfg = Release|Any CPU
		{866C9DA1-1612-4340-9637-4CCF2D24862D}.Release|Any CPU.Build.0 = Release|Any CPU
	EndGlobalSection
	GlobalSection(SolutionProperties) = preSolution
		HideSolutionNode = FALSE
	EndGlobalSection
	GlobalSection(ExtensibilityGlobals) = postSolution
		SolutionGuid = {F5DF72E9-46DF-42FA-8BEB-7C41C760843B}
	EndGlobalSection
EndGlobal
