
Microsoft Visual Studio Solution File, Format Version 12.00
# Visual Studio Version 16
VisualStudioVersion = 16.0.32106.194
MinimumVisualStudioVersion = 10.0.40219.1
Project("{FAE04EC0-301F-11D3-BF4B-00C04F79EFBC}") = "MfmeTools", "MfmeTools\MfmeTools.csproj", "{CE7F1B54-EC03-4F97-932E-B38670E8FEF1}"
EndProject
Global
	GlobalSection(SolutionConfigurationPlatforms) = preSolution
		Debug|Any CPU = Debug|Any CPU
		Release|Any CPU = Release|Any CPU
	EndGlobalSection
	GlobalSection(ProjectConfigurationPlatforms) = postSolution
		{CE7F1B54-EC03-4F97-932E-B38670E8FEF1}.Debug|Any CPU.ActiveCfg = Debug|Any CPU
		{CE7F1B54-EC03-4F97-932E-B38670E8FEF1}.Debug|Any CPU.Build.0 = Debug|Any CPU
		{CE7F1B54-EC03-4F97-932E-B38670E8FEF1}.Release|Any CPU.ActiveCfg = Release|Any CPU
		{CE7F1B54-EC03-4F97-932E-B38670E8FEF1}.Release|Any CPU.Build.0 = Release|Any CPU
	EndGlobalSection
	GlobalSection(SolutionProperties) = preSolution
		HideSolutionNode = FALSE
	EndGlobalSection
	GlobalSection(ExtensibilityGlobals) = postSolution
		SolutionGuid = {C9A86DD7-F58D-424A-ACC9-445BE03DB953}
	EndGlobalSection
EndGlobal
